
Microsoft Visual Studio Solution File, Format Version 12.00
# Visual Studio 15
VisualStudioVersion = 15.0.27130.2020
MinimumVisualStudioVersion = 10.0.40219.1
Project("{FAE04EC0-301F-11D3-BF4B-00C04F79EFBC}") = "WNA4_API", "WNA4_API\WNA4_API.csproj", "{D571F2A4-31E5-45FD-A4F1-A2649E533909}"
EndProject
Global
	GlobalSection(SolutionConfigurationPlatforms) = preSolution
		Debug|Any CPU = Debug|Any CPU
		Release|Any CPU = Release|Any CPU
	EndGlobalSection
	GlobalSection(ProjectConfigurationPlatforms) = postSolution
		{D571F2A4-31E5-45FD-A4F1-A2649E533909}.Debug|Any CPU.ActiveCfg = Debug|Any CPU
		{D571F2A4-31E5-45FD-A4F1-A2649E533909}.Debug|Any CPU.Build.0 = Debug|Any CPU
		{D571F2A4-31E5-45FD-A4F1-A2649E533909}.Release|Any CPU.ActiveCfg = Release|Any CPU
		{D571F2A4-31E5-45FD-A4F1-A2649E533909}.Release|Any CPU.Build.0 = Release|Any CPU
	EndGlobalSection
	GlobalSection(SolutionProperties) = preSolution
		HideSolutionNode = FALSE
	EndGlobalSection
	GlobalSection(ExtensibilityGlobals) = postSolution
		SolutionGuid = {10688AB0-25B6-4057-907E-03A8CE703711}
	EndGlobalSection
EndGlobal
